
Microsoft Visual Studio Solution File, Format Version 12.00
# Visual Studio Version 17
VisualStudioVersion = 17.7.34018.315
MinimumVisualStudioVersion = 10.0.40219.1
Project("{FAE04EC0-301F-11D3-BF4B-00C04F79EFBC}") = "TA5", "TA5\TA5.csproj", "{749AE596-1850-43E8-9C08-5B217DF8699C}"
EndProject
Global
	GlobalSection(SolutionConfigurationPlatforms) = preSolution
		Debug|Any CPU = Debug|Any CPU
		Release|Any CPU = Release|Any CPU
	EndGlobalSection
	GlobalSection(ProjectConfigurationPlatforms) = postSolution
		{749AE596-1850-43E8-9C08-5B217DF8699C}.Debug|Any CPU.ActiveCfg = Debug|Any CPU
		{749AE596-1850-43E8-9C08-5B217DF8699C}.Debug|Any CPU.Build.0 = Debug|Any CPU
		{749AE596-1850-43E8-9C08-5B217DF8699C}.Release|Any CPU.ActiveCfg = Release|Any CPU
		{749AE596-1850-43E8-9C08-5B217DF8699C}.Release|Any CPU.Build.0 = Release|Any CPU
	EndGlobalSection
	GlobalSection(SolutionProperties) = preSolution
		HideSolutionNode = FALSE
	EndGlobalSection
	GlobalSection(ExtensibilityGlobals) = postSolution
		SolutionGuid = {B7E91C32-8549-46EB-8A41-BA83F36474BF}
	EndGlobalSection
EndGlobal
