
Microsoft Visual Studio Solution File, Format Version 12.00
# Visual Studio Version 16
VisualStudioVersion = 16.0.33423.256
MinimumVisualStudioVersion = 10.0.40219.1
Project("{FAE04EC0-301F-11D3-BF4B-00C04F79EFBC}") = "Datos", "Datos\Datos.csproj", "{B294FECB-EDCD-47D6-A410-2147D29E70B9}"
EndProject
Project("{FAE04EC0-301F-11D3-BF4B-00C04F79EFBC}") = "Negocio", "Negocio\Negocio.csproj", "{90928EDF-E9B4-4D05-8C13-A51370192E74}"
EndProject
Project("{FAE04EC0-301F-11D3-BF4B-00C04F79EFBC}") = "Presentacion", "Presentacion\Presentacion.csproj", "{B385980F-1BB6-4452-9D73-43C3EFDC3F3E}"
EndProject
Global
	GlobalSection(SolutionConfigurationPlatforms) = preSolution
		Debug|Any CPU = Debug|Any CPU
		Release|Any CPU = Release|Any CPU
	EndGlobalSection
	GlobalSection(ProjectConfigurationPlatforms) = postSolution
		{B294FECB-EDCD-47D6-A410-2147D29E70B9}.Debug|Any CPU.ActiveCfg = Debug|Any CPU
		{B294FECB-EDCD-47D6-A410-2147D29E70B9}.Debug|Any CPU.Build.0 = Debug|Any CPU
		{B294FECB-EDCD-47D6-A410-2147D29E70B9}.Release|Any CPU.ActiveCfg = Release|Any CPU
		{B294FECB-EDCD-47D6-A410-2147D29E70B9}.Release|Any CPU.Build.0 = Release|Any CPU
		{90928EDF-E9B4-4D05-8C13-A51370192E74}.Debug|Any CPU.ActiveCfg = Debug|Any CPU
		{90928EDF-E9B4-4D05-8C13-A51370192E74}.Debug|Any CPU.Build.0 = Debug|Any CPU
		{90928EDF-E9B4-4D05-8C13-A51370192E74}.Release|Any CPU.ActiveCfg = Release|Any CPU
		{90928EDF-E9B4-4D05-8C13-A51370192E74}.Release|Any CPU.Build.0 = Release|Any CPU
		{B385980F-1BB6-4452-9D73-43C3EFDC3F3E}.Debug|Any CPU.ActiveCfg = Debug|Any CPU
		{B385980F-1BB6-4452-9D73-43C3EFDC3F3E}.Debug|Any CPU.Build.0 = Debug|Any CPU
		{B385980F-1BB6-4452-9D73-43C3EFDC3F3E}.Release|Any CPU.ActiveCfg = Release|Any CPU
		{B385980F-1BB6-4452-9D73-43C3EFDC3F3E}.Release|Any CPU.Build.0 = Release|Any CPU
	EndGlobalSection
	GlobalSection(SolutionProperties) = preSolution
		HideSolutionNode = FALSE
	EndGlobalSection
	GlobalSection(ExtensibilityGlobals) = postSolution
		SolutionGuid = {9F580570-1AA6-4D5C-89D7-26F55AEAA585}
	EndGlobalSection
EndGlobal
