
Microsoft Visual Studio Solution File, Format Version 12.00
# Visual Studio Version 16
VisualStudioVersion = 16.0.33423.256
MinimumVisualStudioVersion = 10.0.40219.1
Project("{FAE04EC0-301F-11D3-BF4B-00C04F79EFBC}") = "ConsoleApp1", "ConsoleApp1.csproj", "{F2331E01-DAC2-4D71-9429-9BF4EBEEF918}"
EndProject
Global
	GlobalSection(SolutionConfigurationPlatforms) = preSolution
		Debug|Any CPU = Debug|Any CPU
		Release|Any CPU = Release|Any CPU
	EndGlobalSection
	GlobalSection(ProjectConfigurationPlatforms) = postSolution
		{F2331E01-DAC2-4D71-9429-9BF4EBEEF918}.Debug|Any CPU.ActiveCfg = Debug|Any CPU
		{F2331E01-DAC2-4D71-9429-9BF4EBEEF918}.Debug|Any CPU.Build.0 = Debug|Any CPU
		{F2331E01-DAC2-4D71-9429-9BF4EBEEF918}.Release|Any CPU.ActiveCfg = Release|Any CPU
		{F2331E01-DAC2-4D71-9429-9BF4EBEEF918}.Release|Any CPU.Build.0 = Release|Any CPU
	EndGlobalSection
	GlobalSection(SolutionProperties) = preSolution
		HideSolutionNode = FALSE
	EndGlobalSection
	GlobalSection(ExtensibilityGlobals) = postSolution
		SolutionGuid = {00B44B6B-9CFC-44F0-9989-5A1FCF396D25}
	EndGlobalSection
EndGlobal
