
Microsoft Visual Studio Solution File, Format Version 12.00
# Visual Studio Version 16
VisualStudioVersion = 16.0.33423.256
MinimumVisualStudioVersion = 10.0.40219.1
Project("{FAE04EC0-301F-11D3-BF4B-00C04F79EFBC}") = "2021-I", "2021-I\2021-I.csproj", "{263D9F21-5289-465E-ACA1-BDF7083AA88E}"
EndProject
Global
	GlobalSection(SolutionConfigurationPlatforms) = preSolution
		Debug|Any CPU = Debug|Any CPU
		Release|Any CPU = Release|Any CPU
	EndGlobalSection
	GlobalSection(ProjectConfigurationPlatforms) = postSolution
		{263D9F21-5289-465E-ACA1-BDF7083AA88E}.Debug|Any CPU.ActiveCfg = Debug|Any CPU
		{263D9F21-5289-465E-ACA1-BDF7083AA88E}.Debug|Any CPU.Build.0 = Debug|Any CPU
		{263D9F21-5289-465E-ACA1-BDF7083AA88E}.Release|Any CPU.ActiveCfg = Release|Any CPU
		{263D9F21-5289-465E-ACA1-BDF7083AA88E}.Release|Any CPU.Build.0 = Release|Any CPU
	EndGlobalSection
	GlobalSection(SolutionProperties) = preSolution
		HideSolutionNode = FALSE
	EndGlobalSection
	GlobalSection(ExtensibilityGlobals) = postSolution
		SolutionGuid = {60E0227A-73C6-42E4-B38F-AA5A784AB0AC}
	EndGlobalSection
EndGlobal
