
Microsoft Visual Studio Solution File, Format Version 12.00
# Visual Studio Version 17
VisualStudioVersion = 17.7.34018.315
MinimumVisualStudioVersion = 10.0.40219.1
Project("{FAE04EC0-301F-11D3-BF4B-00C04F79EFBC}") = "CapaPresentacion", "TP\CapaPresentacion.csproj", "{CC167C5A-BFD2-49AA-9E44-C99C66123114}"
EndProject
Project("{FAE04EC0-301F-11D3-BF4B-00C04F79EFBC}") = "CapaEntidad", "CapaEntidad\CapaEntidad.csproj", "{A3568253-0838-4CC8-9289-B7A7106AB7A0}"
EndProject
Project("{FAE04EC0-301F-11D3-BF4B-00C04F79EFBC}") = "CapaNegocio", "CapaNegocio\CapaNegocio.csproj", "{E35186C6-88DF-4DF1-99A3-9C988D32AC2D}"
EndProject
Project("{FAE04EC0-301F-11D3-BF4B-00C04F79EFBC}") = "CapaDatos", "CapaDatos\CapaDatos.csproj", "{EA9D06C2-F009-40EE-831C-E415B43917FA}"
EndProject
Global
	GlobalSection(SolutionConfigurationPlatforms) = preSolution
		Debug|Any CPU = Debug|Any CPU
		Release|Any CPU = Release|Any CPU
	EndGlobalSection
	GlobalSection(ProjectConfigurationPlatforms) = postSolution
		{CC167C5A-BFD2-49AA-9E44-C99C66123114}.Debug|Any CPU.ActiveCfg = Debug|Any CPU
		{CC167C5A-BFD2-49AA-9E44-C99C66123114}.Debug|Any CPU.Build.0 = Debug|Any CPU
		{CC167C5A-BFD2-49AA-9E44-C99C66123114}.Release|Any CPU.ActiveCfg = Release|Any CPU
		{CC167C5A-BFD2-49AA-9E44-C99C66123114}.Release|Any CPU.Build.0 = Release|Any CPU
		{A3568253-0838-4CC8-9289-B7A7106AB7A0}.Debug|Any CPU.ActiveCfg = Debug|Any CPU
		{A3568253-0838-4CC8-9289-B7A7106AB7A0}.Debug|Any CPU.Build.0 = Debug|Any CPU
		{A3568253-0838-4CC8-9289-B7A7106AB7A0}.Release|Any CPU.ActiveCfg = Release|Any CPU
		{A3568253-0838-4CC8-9289-B7A7106AB7A0}.Release|Any CPU.Build.0 = Release|Any CPU
		{E35186C6-88DF-4DF1-99A3-9C988D32AC2D}.Debug|Any CPU.ActiveCfg = Debug|Any CPU
		{E35186C6-88DF-4DF1-99A3-9C988D32AC2D}.Debug|Any CPU.Build.0 = Debug|Any CPU
		{E35186C6-88DF-4DF1-99A3-9C988D32AC2D}.Release|Any CPU.ActiveCfg = Release|Any CPU
		{E35186C6-88DF-4DF1-99A3-9C988D32AC2D}.Release|Any CPU.Build.0 = Release|Any CPU
		{EA9D06C2-F009-40EE-831C-E415B43917FA}.Debug|Any CPU.ActiveCfg = Debug|Any CPU
		{EA9D06C2-F009-40EE-831C-E415B43917FA}.Debug|Any CPU.Build.0 = Debug|Any CPU
		{EA9D06C2-F009-40EE-831C-E415B43917FA}.Release|Any CPU.ActiveCfg = Release|Any CPU
		{EA9D06C2-F009-40EE-831C-E415B43917FA}.Release|Any CPU.Build.0 = Release|Any CPU
	EndGlobalSection
	GlobalSection(SolutionProperties) = preSolution
		HideSolutionNode = FALSE
	EndGlobalSection
	GlobalSection(ExtensibilityGlobals) = postSolution
		SolutionGuid = {B1563A20-CD5B-434D-95AF-4F52C92E7465}
	EndGlobalSection
EndGlobal
